// !$*UTF8*$!
{
	archiveVersion = 1;
	classes = {
	};
	objectVersion = 46;
	objects = {

/* Begin PBXBuildFile section */
		8D63F2AA1D64E4CF00689693 /* AppDelegate.swift in Sources */ = {isa = PBXBuildFile; fileRef = 8D63F2A91D64E4CF00689693 /* AppDelegate.swift */; };
		8D63F2AC1D64E4CF00689693 /* MasterViewController.swift in Sources */ = {isa = PBXBuildFile; fileRef = 8D63F2AB1D64E4CF00689693 /* MasterViewController.swift */; };
		8D63F2AE1D64E4CF00689693 /* DetailViewController.swift in Sources */ = {isa = PBXBuildFile; fileRef = 8D63F2AD1D64E4CF00689693 /* DetailViewController.swift */; };
		8D63F2B11D64E4CF00689693 /* Main.storyboard in Resources */ = {isa = PBXBuildFile; fileRef = 8D63F2AF1D64E4CF00689693 /* Main.storyboard */; };
		8D63F2B31D64E4CF00689693 /* Assets.xcassets in Resources */ = {isa = PBXBuildFile; fileRef = 8D63F2B21D64E4CF00689693 /* Assets.xcassets */; };
		8D63F2B61D64E4CF00689693 /* LaunchScreen.storyboard in Resources */ = {isa = PBXBuildFile; fileRef = 8D63F2B41D64E4CF00689693 /* LaunchScreen.storyboard */; };
/* End PBXBuildFile section */

/* Begin PBXFileReference section */
		8D63F2A61D64E4CF00689693 /* masterdetailsample.app */ = {isa = PBXFileReference; explicitFileType = wrapper.application; includeInIndex = 0; path = masterdetailsample.app; sourceTree = BUILT_PRODUCTS_DIR; };
		8D63F2A91D64E4CF00689693 /* AppDelegate.swift */ = {isa = PBXFileReference; lastKnownFileType = sourcecode.swift; path = AppDelegate.swift; sourceTree = "<group>"; };
		8D63F2AB1D64E4CF00689693 /* MasterViewController.swift */ = {isa = PBXFileReference; lastKnownFileType = sourcecode.swift; path = MasterViewController.swift; sourceTree = "<group>"; };
		8D63F2AD1D64E4CF00689693 /* DetailViewController.swift */ = {isa = PBXFileReference; lastKnownFileType = sourcecode.swift; path = DetailViewController.swift; sourceTree = "<group>"; };
		8D63F2B01D64E4CF00689693 /* Base */ = {isa = PBXFileReference; lastKnownFileType = file.storyboard; name = Base; path = Base.lproj/Main.storyboard; sourceTree = "<group>"; };
		8D63F2B21D64E4CF00689693 /* Assets.xcassets */ = {isa = PBXFileReference; lastKnownFileType = folder.assetcatalog; path = Assets.xcassets; sourceTree = "<group>"; };
		8D63F2B51D64E4CF00689693 /* Base */ = {isa = PBXFileReference; lastKnownFileType = file.storyboard; name = Base; path = Base.lproj/LaunchScreen.storyboard; sourceTree = "<group>"; };
		8D63F2B71D64E4CF00689693 /* Info.plist */ = {isa = PBXFileReference; lastKnownFileType = text.plist.xml; path = Info.plist; sourceTree = "<group>"; };
/* End PBXFileReference section */

/* Begin PBXFrameworksBuildPhase section */
		8D63F2A31D64E4CF00689693 /* Frameworks */ = {
			isa = PBXFrameworksBuildPhase;
			buildActionMask = 2147483647;
			files = (
			);
			runOnlyForDeploymentPostprocessing = 0;
		};
/* End PBXFrameworksBuildPhase section */

/* Begin PBXGroup section */
		8D63F29D1D64E4CF00689693 = {
			isa = PBXGroup;
			children = (
				8D63F2A81D64E4CF00689693 /* masterdetailsample */,
				8D63F2A71D64E4CF00689693 /* Products */,
			);
			sourceTree = "<group>";
		};
		8D63F2A71D64E4CF00689693 /* Products */ = {
			isa = PBXGroup;
			children = (
				8D63F2A61D64E4CF00689693 /* masterdetailsample.app */,
			);
			name = Products;
			sourceTree = "<group>";
		};
		8D63F2A81D64E4CF00689693 /* masterdetailsample */ = {
			isa = PBXGroup;
			children = (
				8D63F2A91D64E4CF00689693 /* AppDelegate.swift */,
				8D63F2AB1D64E4CF00689693 /* MasterViewController.swift */,
				8D63F2AD1D64E4CF00689693 /* DetailViewController.swift */,
				8D63F2AF1D64E4CF00689693 /* Main.storyboard */,
				8D63F2B21D64E4CF00689693 /* Assets.xcassets */,
				8D63F2B41D64E4CF00689693 /* LaunchScreen.storyboard */,
				8D63F2B71D64E4CF00689693 /* Info.plist */,
			);
			path = masterdetailsample;
			sourceTree = "<group>";
		};
/* End PBXGroup section */

/* Begin PBXNativeTarget section */
		8D63F2A51D64E4CF00689693 /* masterdetailsample */ = {
			isa = PBXNativeTarget;
			buildConfigurationList = 8D63F2BA1D64E4CF00689693 /* Build configuration list for PBXNativeTarget "masterdetailsample" */;
			buildPhases = (
				8D63F2A21D64E4CF00689693 /* Sources */,
				8D63F2A31D64E4CF00689693 /* Frameworks */,
				8D63F2A41D64E4CF00689693 /* Resources */,
			);
			buildRules = (
			);
			dependencies = (
			);
			name = masterdetailsample;
			productName = masterdetailsample;
			productReference = 8D63F2A61D64E4CF00689693 /* masterdetailsample.app */;
			productType = "com.apple.product-type.application";
		};
/* End PBXNativeTarget section */

/* Begin PBXProject section */
		8D63F29E1D64E4CF00689693 /* Project object */ = {
			isa = PBXProject;
			attributes = {
				LastSwiftUpdateCheck = 0730;
				LastUpgradeCheck = 0730;
				ORGANIZATIONNAME = "William Ogura";
				TargetAttributes = {
					8D63F2A51D64E4CF00689693 = {
						CreatedOnToolsVersion = 7.3.1;
					};
				};
			};
			buildConfigurationList = 8D63F2A11D64E4CF00689693 /* Build configuration list for PBXProject "masterdetailsample" */;
			compatibilityVersion = "Xcode 3.2";
			developmentRegion = English;
			hasScannedForEncodings = 0;
			knownRegions = (
				en,
				Base,
			);
			mainGroup = 8D63F29D1D64E4CF00689693;
			productRefGroup = 8D63F2A71D64E4CF00689693 /* Products */;
			projectDirPath = "";
			projectRoot = "";
			targets = (
				8D63F2A51D64E4CF00689693 /* masterdetailsample */,
			);
		};
/* End PBXProject section */

/* Begin PBXResourcesBuildPhase section */
		8D63F2A41D64E4CF00689693 /* Resources */ = {
			isa = PBXResourcesBuildPhase;
			buildActionMask = 2147483647;
			files = (
				8D63F2B61D64E4CF00689693 /* LaunchScreen.storyboard in Resources */,
				8D63F2B31D64E4CF00689693 /* Assets.xcassets in Resources */,
				8D63F2B11D64E4CF00689693 /* Main.storyboard in Resources */,
			);
			runOnlyForDeploymentPostprocessing = 0;
		};
/* End PBXResourcesBuildPhase section */

/* Begin PBXSourcesBuildPhase section */
		8D63F2A21D64E4CF00689693 /* Sources */ = {
			isa = PBXSourcesBuildPhase;
			buildActionMask = 2147483647;
			files = (
				8D63F2AE1D64E4CF00689693 /* DetailViewController.swift in Sources */,
				8D63F2AC1D64E4CF00689693 /* MasterViewController.swift in Sources */,
				8D63F2AA1D64E4CF00689693 /* AppDelegate.swift in Sources */,
			);
			runOnlyForDeploymentPostprocessing = 0;
		};
/* End PBXSourcesBuildPhase section */

/* Begin PBXVariantGroup section */
		8D63F2AF1D64E4CF00689693 /* Main.storyboard */ = {
			isa = PBXVariantGroup;
			children = (
				8D63F2B01D64E4CF00689693 /* Base */,
			);
			name = Main.storyboard;
			sourceTree = "<group>";
		};
		8D63F2B41D64E4CF00689693 /* LaunchScreen.storyboard */ = {
			isa = PBXVariantGroup;
			children = (
				8D63F2B51D64E4CF00689693 /* Base */,
			);
			name = LaunchScreen.storyboard;
			sourceTree = "<group>";
		};
/* End PBXVariantGroup section */

/* Begin XCBuildConfiguration section */
		8D63F2B81D64E4CF00689693 /* Debug */ = {
			isa = XCBuildConfiguration;
			buildSettings = {
				ALWAYS_SEARCH_USER_PATHS = NO;
				CLANG_ANALYZER_NONNULL = YES;
				CLANG_CXX_LANGUAGE_STANDARD = "gnu++0x";
				CLANG_CXX_LIBRARY = "libc++";
				CLANG_ENABLE_MODULES = YES;
				CLANG_ENABLE_OBJC_ARC = YES;
				CLANG_WARN_BOOL_CONVERSION = YES;
				CLANG_WARN_CONSTANT_CONVERSION = YES;
				CLANG_WARN_DIRECT_OBJC_ISA_USAGE = YES_ERROR;
				CLANG_WARN_EMPTY_BODY = YES;
				CLANG_WARN_ENUM_CONVERSION = YES;
				CLANG_WARN_INT_CONVERSION = YES;
				CLANG_WARN_OBJC_ROOT_CLASS = YES_ERROR;
				CLANG_WARN_UNREACHABLE_CODE = YES;
				CLANG_WARN__DUPLICATE_METHOD_MATCH = YES;
				"CODE_SIGN_IDENTITY[sdk=iphoneos*]" = "iPhone Developer";
				COPY_PHASE_STRIP = NO;
				DEBUG_INFORMATION_FORMAT = dwarf;
				ENABLE_STRICT_OBJC_MSGSEND = YES;
				ENABLE_TESTABILITY = YES;
				GCC_C_LANGUAGE_STANDARD = gnu99;
				GCC_DYNAMIC_NO_PIC = NO;
				GCC_NO_COMMON_BLOCKS = YES;
				GCC_OPTIMIZATION_LEVEL = 0;
				GCC_PREPROCESSOR_DEFINITIONS = (
					"DEBUG=1",
					"$(inherited)",
				);
				GCC_WARN_64_TO_32_BIT_CONVERSION = YES;
				GCC_WARN_ABOUT_RETURN_TYPE = YES_ERROR;
				GCC_WARN_UNDECLARED_SELECTOR = YES;
				GCC_WARN_UNINITIALIZED_AUTOS = YES_AGGRESSIVE;
				GCC_WARN_UNUSED_FUNCTION = YES;
				GCC_WARN_UNUSED_VARIABLE = YES;
				IPHONEOS_DEPLOYMENT_TARGET = 9.3;
				MTL_ENABLE_DEBUG_INFO = YES;
				ONLY_ACTIVE_ARCH = YES;
				SDKROOT = iphoneos;
				SWIFT_OPTIMIZATION_LEVEL = "-Onone";
				TARGETED_DEVICE_FAMILY = "1,2";
			};
			name = Debug;
		};
		8D63F2B91D64E4CF00689693 /* Release */ = {
			isa = XCBuildConfiguration;
			buildSettings = {
				ALWAYS_SEARCH_USER_PATHS = NO;
				CLANG_ANALYZER_NONNULL = YES;
				CLANG_CXX_LANGUAGE_STANDARD = "gnu++0x";
				CLANG_CXX_LIBRARY = "libc++";
				CLANG_ENABLE_MODULES = YES;
				CLANG_ENABLE_OBJC_ARC = YES;
				CLANG_WARN_BOOL_CONVERSION = YES;
				CLANG_WARN_CONSTANT_CONVERSION = YES;
				CLANG_WARN_DIRECT_OBJC_ISA_USAGE = YES_ERROR;
				CLANG_WARN_EMPTY_BODY = YES;
				CLANG_WARN_ENUM_CONVERSION = YES;
				CLANG_WARN_INT_CONVERSION = YES;
				CLANG_WARN_OBJC_ROOT_CLASS = YES_ERROR;
				CLANG_WARN_UNREACHABLE_CODE = YES;
				CLANG_WARN__DUPLICATE_METHOD_MATCH = YES;
				"CODE_SIGN_IDENTITY[sdk=iphoneos*]" = "iPhone Developer";
				COPY_PHASE_STRIP = NO;
				DEBUG_INFORMATION_FORMAT = "dwarf-with-dsym";
				ENABLE_NS_ASSERTIONS = NO;
				ENABLE_STRICT_OBJC_MSGSEND = YES;
				GCC_C_LANGUAGE_STANDARD = gnu99;
				GCC_NO_COMMON_BLOCKS = YES;
				GCC_WARN_64_TO_32_BIT_CONVERSION = YES;
				GCC_WARN_ABOUT_RETURN_TYPE = YES_ERROR;
				GCC_WARN_UNDECLARED_SELECTOR = YES;
				GCC_WARN_UNINITIALIZED_AUTOS = YES_AGGRESSIVE;
				GCC_WARN_UNUSED_FUNCTION = YES;
				GCC_WARN_UNUSED_VARIABLE = YES;
				IPHONEOS_DEPLOYMENT_TARGET = 9.3;
				MTL_ENABLE_DEBUG_INFO = NO;
				SDKROOT = iphoneos;
				TARGETED_DEVICE_FAMILY = "1,2";
				VALIDATE_PRODUCT = YES;
			};
			name = Release;
		};
		8D63F2BB1D64E4CF00689693 /* Debug */ = {
			isa = XCBuildConfiguration;
			buildSettings = {
				ASSETCATALOG_COMPILER_APPICON_NAME = AppIcon;
				INFOPLIST_FILE = masterdetailsample/Info.plist;
				LD_RUNPATH_SEARCH_PATHS = "$(inherited) @executable_path/Frameworks";
				PRODUCT_BUNDLE_IDENTIFIER = testing.masterdetailsample;
				PRODUCT_NAME = "$(TARGET_NAME)";
			};
			name = Debug;
		};
		8D63F2BC1D64E4CF00689693 /* Release */ = {
			isa = XCBuildConfiguration;
			buildSettings = {
				ASSETCATALOG_COMPILER_APPICON_NAME = AppIcon;
				INFOPLIST_FILE = masterdetailsample/Info.plist;
				LD_RUNPATH_SEARCH_PATHS = "$(inherited) @executable_path/Frameworks";
				PRODUCT_BUNDLE_IDENTIFIER = testing.masterdetailsample;
				PRODUCT_NAME = "$(TARGET_NAME)";
			};
			name = Release;
		};
/* End XCBuildConfiguration section */

/* Begin XCConfigurationList section */
		8D63F2A11D64E4CF00689693 /* Build configuration list for PBXProject "masterdetailsample" */ = {
			isa = XCConfigurationList;
			buildConfigurations = (
				8D63F2B81D64E4CF00689693 /* Debug */,
				8D63F2B91D64E4CF00689693 /* Release */,
			);
			defaultConfigurationIsVisible = 0;
			defaultConfigurationName = Release;
		};
		8D63F2BA1D64E4CF00689693 /* Build configuration list for PBXNativeTarget "masterdetailsample" */ = {
			isa = XCConfigurationList;
			buildConfigurations = (
				8D63F2BB1D64E4CF00689693 /* Debug */,
				8D63F2BC1D64E4CF00689693 /* Release */,
			);
			defaultConfigurationIsVisible = 0;
		};
/* End XCConfigurationList section */
	};
	rootObject = 8D63F29E1D64E4CF00689693 /* Project object */;
}
